
Microsoft Visual Studio Solution File, Format Version 12.00
# Visual Studio 2017
Project("{FAE04EC0-301F-11D3-BF4B-00C04F79EFBC}") = "CardAR", "CardAR.csproj", "{4254B07C-AB64-AF7D-1C1A-6D8F3D259F6B}"
EndProject
Project("{FAE04EC0-301F-11D3-BF4B-00C04F79EFBC}") = "CardAR.Editor", "CardAR.Editor.csproj", "{6FC20315-A470-549C-4590-C47821B38422}"
EndProject
Global
	GlobalSection(SolutionConfigurationPlatforms) = preSolution
		Debug|Any CPU = Debug|Any CPU
		Release|Any CPU = Release|Any CPU
	EndGlobalSection
	GlobalSection(ProjectConfigurationPlatforms) = postSolution
		{4254B07C-AB64-AF7D-1C1A-6D8F3D259F6B}.Debug|Any CPU.ActiveCfg = Debug|Any CPU
		{4254B07C-AB64-AF7D-1C1A-6D8F3D259F6B}.Debug|Any CPU.Build.0 = Debug|Any CPU
		{4254B07C-AB64-AF7D-1C1A-6D8F3D259F6B}.Release|Any CPU.ActiveCfg = Release|Any CPU
		{4254B07C-AB64-AF7D-1C1A-6D8F3D259F6B}.Release|Any CPU.Build.0 = Release|Any CPU
		{6FC20315-A470-549C-4590-C47821B38422}.Debug|Any CPU.ActiveCfg = Debug|Any CPU
		{6FC20315-A470-549C-4590-C47821B38422}.Debug|Any CPU.Build.0 = Debug|Any CPU
		{6FC20315-A470-549C-4590-C47821B38422}.Release|Any CPU.ActiveCfg = Release|Any CPU
		{6FC20315-A470-549C-4590-C47821B38422}.Release|Any CPU.Build.0 = Release|Any CPU
	EndGlobalSection
	GlobalSection(SolutionProperties) = preSolution
		HideSolutionNode = FALSE
	EndGlobalSection
EndGlobal
